
Microsoft Visual Studio Solution File, Format Version 12.00
# Visual Studio Version 17
VisualStudioVersion = 17.8.34525.116
MinimumVisualStudioVersion = 10.0.40219.1
Project("{FAE04EC0-301F-11D3-BF4B-00C04F79EFBC}") = "ProjetPizza", "ProjetPizza\ProjetPizza.csproj", "{0E634719-55B1-405D-8BA9-D3A6E3E3EC31}"
EndProject
Global
	GlobalSection(SolutionConfigurationPlatforms) = preSolution
		Debug|Any CPU = Debug|Any CPU
		Release|Any CPU = Release|Any CPU
	EndGlobalSection
	GlobalSection(ProjectConfigurationPlatforms) = postSolution
		{0E634719-55B1-405D-8BA9-D3A6E3E3EC31}.Debug|Any CPU.ActiveCfg = Debug|Any CPU
		{0E634719-55B1-405D-8BA9-D3A6E3E3EC31}.Debug|Any CPU.Build.0 = Debug|Any CPU
		{0E634719-55B1-405D-8BA9-D3A6E3E3EC31}.Release|Any CPU.ActiveCfg = Release|Any CPU
		{0E634719-55B1-405D-8BA9-D3A6E3E3EC31}.Release|Any CPU.Build.0 = Release|Any CPU
	EndGlobalSection
	GlobalSection(SolutionProperties) = preSolution
		HideSolutionNode = FALSE
	EndGlobalSection
	GlobalSection(ExtensibilityGlobals) = postSolution
		SolutionGuid = {803CA7BD-6508-4AA5-A188-2AE23B393851}
	EndGlobalSection
EndGlobal
